
Microsoft Visual Studio Solution File, Format Version 12.00
# Visual Studio Version 16
VisualStudioVersion = 16.0.29613.14
MinimumVisualStudioVersion = 10.0.40219.1
Project("{FAE04EC0-301F-11D3-BF4B-00C04F79EFBC}") = "DataFusion", "DataFusion\DataFusion.csproj", "{C9D6B942-24F6-4698-A9B1-4492EC77E380}"
EndProject
Project("{FAE04EC0-301F-11D3-BF4B-00C04F79EFBC}") = "DataFusion.Interfaces", "DataFusion.Interfaces\DataFusion.Interfaces.csproj", "{81496566-A57A-442B-B503-53AD6E497F62}"
EndProject
Project("{FAE04EC0-301F-11D3-BF4B-00C04F79EFBC}") = "DataFusion.PluginHosting", "DataFusion.PluginHosting\DataFusion.PluginHosting.csproj", "{AC82FEBA-E8D2-4054-863C-2044764DF639}"
EndProject
Global
	GlobalSection(SolutionConfigurationPlatforms) = preSolution
		Debug|Any CPU = Debug|Any CPU
		Release|Any CPU = Release|Any CPU
	EndGlobalSection
	GlobalSection(ProjectConfigurationPlatforms) = postSolution
		{C9D6B942-24F6-4698-A9B1-4492EC77E380}.Debug|Any CPU.ActiveCfg = Debug|Any CPU
		{C9D6B942-24F6-4698-A9B1-4492EC77E380}.Debug|Any CPU.Build.0 = Debug|Any CPU
		{C9D6B942-24F6-4698-A9B1-4492EC77E380}.Release|Any CPU.ActiveCfg = Release|Any CPU
		{C9D6B942-24F6-4698-A9B1-4492EC77E380}.Release|Any CPU.Build.0 = Release|Any CPU
		{81496566-A57A-442B-B503-53AD6E497F62}.Debug|Any CPU.ActiveCfg = Debug|Any CPU
		{81496566-A57A-442B-B503-53AD6E497F62}.Debug|Any CPU.Build.0 = Debug|Any CPU
		{81496566-A57A-442B-B503-53AD6E497F62}.Release|Any CPU.ActiveCfg = Release|Any CPU
		{81496566-A57A-442B-B503-53AD6E497F62}.Release|Any CPU.Build.0 = Release|Any CPU
		{AC82FEBA-E8D2-4054-863C-2044764DF639}.Debug|Any CPU.ActiveCfg = Debug|Any CPU
		{AC82FEBA-E8D2-4054-863C-2044764DF639}.Debug|Any CPU.Build.0 = Debug|Any CPU
		{AC82FEBA-E8D2-4054-863C-2044764DF639}.Release|Any CPU.ActiveCfg = Release|Any CPU
		{AC82FEBA-E8D2-4054-863C-2044764DF639}.Release|Any CPU.Build.0 = Release|Any CPU
	EndGlobalSection
	GlobalSection(SolutionProperties) = preSolution
		HideSolutionNode = FALSE
	EndGlobalSection
	GlobalSection(ExtensibilityGlobals) = postSolution
		SolutionGuid = {5D506782-BE70-43F6-A862-F21880B175E1}
	EndGlobalSection
EndGlobal
